
Microsoft Visual Studio Solution File, Format Version 12.00
# Visual Studio Version 17
VisualStudioVersion = 17.4.33110.190
MinimumVisualStudioVersion = 10.0.40219.1
Project("{FAE04EC0-301F-11D3-BF4B-00C04F79EFBC}") = "Shuffle the Array", "Shuffle the Array\Shuffle the Array.csproj", "{914E61AB-FC4B-45AA-9B46-BA141A66B030}"
EndProject
Global
	GlobalSection(SolutionConfigurationPlatforms) = preSolution
		Debug|Any CPU = Debug|Any CPU
		Release|Any CPU = Release|Any CPU
	EndGlobalSection
	GlobalSection(ProjectConfigurationPlatforms) = postSolution
		{914E61AB-FC4B-45AA-9B46-BA141A66B030}.Debug|Any CPU.ActiveCfg = Debug|Any CPU
		{914E61AB-FC4B-45AA-9B46-BA141A66B030}.Debug|Any CPU.Build.0 = Debug|Any CPU
		{914E61AB-FC4B-45AA-9B46-BA141A66B030}.Release|Any CPU.ActiveCfg = Release|Any CPU
		{914E61AB-FC4B-45AA-9B46-BA141A66B030}.Release|Any CPU.Build.0 = Release|Any CPU
	EndGlobalSection
	GlobalSection(SolutionProperties) = preSolution
		HideSolutionNode = FALSE
	EndGlobalSection
	GlobalSection(ExtensibilityGlobals) = postSolution
		SolutionGuid = {62D32C64-3F7D-495B-BD41-BC60774C0985}
	EndGlobalSection
EndGlobal
